
Microsoft Visual Studio Solution File, Format Version 12.00
# Visual Studio Version 17
VisualStudioVersion = 17.10.35027.167
MinimumVisualStudioVersion = 10.0.40219.1
Project("{9A19103F-16F7-4668-BE54-9A1E7A4F7556}") = "Warehouse", "Warehouse\Warehouse.csproj", "{14BCA163-B73B-49E7-BA74-13A10352A06B}"
EndProject
Project("{FAE04EC0-301F-11D3-BF4B-00C04F79EFBC}") = "Tests", "Tests\Tests.csproj", "{40495C51-13B1-4507-80DE-6ED674F70D08}"
EndProject
Project("{FAE04EC0-301F-11D3-BF4B-00C04F79EFBC}") = "WarehouseFiller", "WarehouseFiller\WarehouseFiller.csproj", "{87B22319-7575-BCBC-4805-EFB603DEFF69}"
EndProject
Global
	GlobalSection(SolutionConfigurationPlatforms) = preSolution
		Debug|Any CPU = Debug|Any CPU
		Release|Any CPU = Release|Any CPU
	EndGlobalSection
	GlobalSection(ProjectConfigurationPlatforms) = postSolution
		{14BCA163-B73B-49E7-BA74-13A10352A06B}.Debug|Any CPU.ActiveCfg = Debug|Any CPU
		{14BCA163-B73B-49E7-BA74-13A10352A06B}.Debug|Any CPU.Build.0 = Debug|Any CPU
		{14BCA163-B73B-49E7-BA74-13A10352A06B}.Release|Any CPU.ActiveCfg = Release|Any CPU
		{14BCA163-B73B-49E7-BA74-13A10352A06B}.Release|Any CPU.Build.0 = Release|Any CPU
		{40495C51-13B1-4507-80DE-6ED674F70D08}.Debug|Any CPU.ActiveCfg = Debug|Any CPU
		{40495C51-13B1-4507-80DE-6ED674F70D08}.Debug|Any CPU.Build.0 = Debug|Any CPU
		{40495C51-13B1-4507-80DE-6ED674F70D08}.Release|Any CPU.ActiveCfg = Release|Any CPU
		{40495C51-13B1-4507-80DE-6ED674F70D08}.Release|Any CPU.Build.0 = Release|Any CPU
		{87B22319-7575-BCBC-4805-EFB603DEFF69}.Debug|Any CPU.ActiveCfg = Debug|Any CPU
		{87B22319-7575-BCBC-4805-EFB603DEFF69}.Debug|Any CPU.Build.0 = Debug|Any CPU
		{87B22319-7575-BCBC-4805-EFB603DEFF69}.Release|Any CPU.ActiveCfg = Release|Any CPU
		{87B22319-7575-BCBC-4805-EFB603DEFF69}.Release|Any CPU.Build.0 = Release|Any CPU
	EndGlobalSection
	GlobalSection(SolutionProperties) = preSolution
		HideSolutionNode = FALSE
	EndGlobalSection
	GlobalSection(ExtensibilityGlobals) = postSolution
		SolutionGuid = {B84BC1CA-6CAF-4B31-A4FC-F8467E9C01CC}
	EndGlobalSection
EndGlobal
